{
  "requires": true,
  "lockfileVersion": 1,
  "dependencies": {
    "mongoose-random": {
      "version": "0.1.1",
      "resolved": "https://registry.npmjs.org/mongoose-random/-/mongoose-random-0.1.1.tgz",
      "integrity": "sha1-mrFj8R1GRPLxsFYrLr6UsFsgH3o="
    },
    "shallow-equal": {
      "version": "1.0.0",
      "resolved": "https://registry.npmjs.org/shallow-equal/-/shallow-equal-1.0.0.tgz",
      "integrity": "sha1-UI0YOLPeWQq4dXsBGyXkMJAJRfc="
    }
  }
}
